Microsoft Visual Studio Solution File, Format Version 12.00
# Visual Studio Version 17
VisualStudioVersion = 17.0.31903.59
MinimumVisualStudioVersion = 10.0.40219.1
Project("{FAE04EC0-301F-11D3-BF4B-00C04F79EFBC}") = "ServiceBusTopic1", "ServiceBusTopic1.csproj", "{K1L2M3N4-O5P6-7890-KLMN-O12345678901}"
EndProject
Global
	GlobalSection(SolutionConfigurationPlatforms) = preSolution
		Debug|Any CPU = Debug|Any CPU
		Release|Any CPU = Release|Any CPU
	EndGlobalSection
	GlobalSection(ProjectConfigurationPlatforms) = postSolution
		{K1L2M3N4-O5P6-7890-KLMN-O12345678901}.Debug|Any CPU.ActiveCfg = Debug|Any CPU
		{K1L2M3N4-O5P6-7890-KLMN-O12345678901}.Debug|Any CPU.Build.0 = Debug|Any CPU
		{K1L2M3N4-O5P6-7890-KLMN-O12345678901}.Release|Any CPU.ActiveCfg = Release|Any CPU
		{K1L2M3N4-O5P6-7890-KLMN-O12345678901}.Release|Any CPU.Build.0 = Release|Any CPU
	EndGlobalSection
	GlobalSection(SolutionProperties) = preSolution
		HideSolutionNode = FALSE
	EndGlobalSection
EndGlobal
